
Microsoft Visual Studio Solution File, Format Version 12.00
# Visual Studio Version 16
VisualStudioVersion = 16.0.29411.108
MinimumVisualStudioVersion = 10.0.40219.1
Project("{2150E333-8FDC-42A3-9474-1A3956D46DE8}") = "Libs", "Libs", "{8AB7D7B8-5890-47BB-9A44-B7E9523019BF}"
EndProject
Project("{8BC9CEB8-8B4A-11D0-8D11-00A0C91BC942}") = "Utility", "Projects.Win32\Utility\Utility.vcxproj", "{B67BFDB5-FBB3-49B5-997A-1FC70D286A10}"
EndProject
Project("{8BC9CEB8-8B4A-11D0-8D11-00A0C91BC942}") = "Lua", "Projects.Win32\Lua\Lua.vcxproj", "{BDA841E4-A9D0-408F-A8A4-5C3145D51173}"
EndProject
Project("{8BC9CEB8-8B4A-11D0-8D11-00A0C91BC942}") = "Mongodb", "Projects.Win32\Mongodb\Mongodb.vcxproj", "{A4D92AA5-2C80-4A6D-983B-9595625CA7E1}"
EndProject
Project("{8BC9CEB8-8B4A-11D0-8D11-00A0C91BC942}") = "MsgPack", "Projects.Win32\MsgPack\MsgPack.vcxproj", "{280C47C4-3B8E-4096-B0F1-23C3463A0C1A}"
EndProject
Project("{2150E333-8FDC-42A3-9474-1A3956D46DE8}") = "Tests", "Tests", "{8FF37AE3-7AB7-4760-99E5-8583F269BF64}"
EndProject
Project("{8BC9CEB8-8B4A-11D0-8D11-00A0C91BC942}") = "Server", "Projects.Win32\Server\Server.vcxproj", "{8C73A9DC-27C2-436C-A18B-9F73F863A7F2}"
EndProject
Project("{8BC9CEB8-8B4A-11D0-8D11-00A0C91BC942}") = "Test.Server", "Tests\Windows\Test.Server\Test.Server.vcxproj", "{8E13B4FE-4F00-4DDA-AD1C-D96CF5E0D3F0}"
EndProject
Project("{8BC9CEB8-8B4A-11D0-8D11-00A0C91BC942}") = "Test-Mongodb", "Tests\Windows\Test-Mongodb\Test-Mongodb.vcxproj", "{2DAB56AE-AB63-40A9-BE56-08AECA716DBD}"
EndProject
Project("{8BC9CEB8-8B4A-11D0-8D11-00A0C91BC942}") = "Test-MsgPack", "Tests\Windows\Test-MsgPack\Test-MsgPack.vcxproj", "{8BED65EC-CDA2-44AA-B0B2-999BFFB0948D}"
EndProject
Project("{8BC9CEB8-8B4A-11D0-8D11-00A0C91BC942}") = "Network", "Projects.Win32\Network\Network.vcxproj", "{18BDFDD7-2E60-48C7-B06E-E9F0A0E8839E}"
EndProject
Project("{8BC9CEB8-8B4A-11D0-8D11-00A0C91BC942}") = "Log", "Projects.Win32\Log\Log.vcxproj", "{91ECE6F0-B9C3-432E-BA7A-5DBCD57EA774}"
EndProject
Project("{8BC9CEB8-8B4A-11D0-8D11-00A0C91BC942}") = "FileWatcher", "Projects.Win32\FileWatcher\FileWatcher.vcxproj", "{4936626E-692B-4ADB-9073-CC3D00E02FFF}"
EndProject
Project("{8BC9CEB8-8B4A-11D0-8D11-00A0C91BC942}") = "Test-FileWatcher", "Tests\Windows\Test-FileWatcher\Test-FileWatcher.vcxproj", "{ACC731F3-13A9-43B2-B925-432DB77D71EA}"
EndProject
Global
	GlobalSection(SolutionConfigurationPlatforms) = preSolution
		Debug|ARM = Debug|ARM
		Debug|ARM64 = Debug|ARM64
		Debug|x64 = Debug|x64
		Debug|x86 = Debug|x86
		Release|ARM = Release|ARM
		Release|ARM64 = Release|ARM64
		Release|x64 = Release|x64
		Release|x86 = Release|x86
	EndGlobalSection
	GlobalSection(ProjectConfigurationPlatforms) = postSolution
		{B67BFDB5-FBB3-49B5-997A-1FC70D286A10}.Debug|ARM.ActiveCfg = Debug|Win32
		{B67BFDB5-FBB3-49B5-997A-1FC70D286A10}.Debug|ARM64.ActiveCfg = Debug|Win32
		{B67BFDB5-FBB3-49B5-997A-1FC70D286A10}.Debug|x64.ActiveCfg = Debug|x64
		{B67BFDB5-FBB3-49B5-997A-1FC70D286A10}.Debug|x64.Build.0 = Debug|x64
		{B67BFDB5-FBB3-49B5-997A-1FC70D286A10}.Debug|x86.ActiveCfg = Debug|Win32
		{B67BFDB5-FBB3-49B5-997A-1FC70D286A10}.Debug|x86.Build.0 = Debug|Win32
		{B67BFDB5-FBB3-49B5-997A-1FC70D286A10}.Release|ARM.ActiveCfg = Release|Win32
		{B67BFDB5-FBB3-49B5-997A-1FC70D286A10}.Release|ARM64.ActiveCfg = Release|Win32
		{B67BFDB5-FBB3-49B5-997A-1FC70D286A10}.Release|x64.ActiveCfg = Release|x64
		{B67BFDB5-FBB3-49B5-997A-1FC70D286A10}.Release|x64.Build.0 = Release|x64
		{B67BFDB5-FBB3-49B5-997A-1FC70D286A10}.Release|x86.ActiveCfg = Release|Win32
		{B67BFDB5-FBB3-49B5-997A-1FC70D286A10}.Release|x86.Build.0 = Release|Win32
		{BDA841E4-A9D0-408F-A8A4-5C3145D51173}.Debug|ARM.ActiveCfg = Debug|Win32
		{BDA841E4-A9D0-408F-A8A4-5C3145D51173}.Debug|ARM64.ActiveCfg = Debug|Win32
		{BDA841E4-A9D0-408F-A8A4-5C3145D51173}.Debug|x64.ActiveCfg = Debug|x64
		{BDA841E4-A9D0-408F-A8A4-5C3145D51173}.Debug|x64.Build.0 = Debug|x64
		{BDA841E4-A9D0-408F-A8A4-5C3145D51173}.Debug|x86.ActiveCfg = Debug|Win32
		{BDA841E4-A9D0-408F-A8A4-5C3145D51173}.Debug|x86.Build.0 = Debug|Win32
		{BDA841E4-A9D0-408F-A8A4-5C3145D51173}.Release|ARM.ActiveCfg = Release|Win32
		{BDA841E4-A9D0-408F-A8A4-5C3145D51173}.Release|ARM64.ActiveCfg = Release|Win32
		{BDA841E4-A9D0-408F-A8A4-5C3145D51173}.Release|x64.ActiveCfg = Release|x64
		{BDA841E4-A9D0-408F-A8A4-5C3145D51173}.Release|x64.Build.0 = Release|x64
		{BDA841E4-A9D0-408F-A8A4-5C3145D51173}.Release|x86.ActiveCfg = Release|Win32
		{BDA841E4-A9D0-408F-A8A4-5C3145D51173}.Release|x86.Build.0 = Release|Win32
		{A4D92AA5-2C80-4A6D-983B-9595625CA7E1}.Debug|ARM.ActiveCfg = Debug|Win32
		{A4D92AA5-2C80-4A6D-983B-9595625CA7E1}.Debug|ARM64.ActiveCfg = Debug|Win32
		{A4D92AA5-2C80-4A6D-983B-9595625CA7E1}.Debug|x64.ActiveCfg = Debug|x64
		{A4D92AA5-2C80-4A6D-983B-9595625CA7E1}.Debug|x64.Build.0 = Debug|x64
		{A4D92AA5-2C80-4A6D-983B-9595625CA7E1}.Debug|x86.ActiveCfg = Debug|Win32
		{A4D92AA5-2C80-4A6D-983B-9595625CA7E1}.Debug|x86.Build.0 = Debug|Win32
		{A4D92AA5-2C80-4A6D-983B-9595625CA7E1}.Release|ARM.ActiveCfg = Release|Win32
		{A4D92AA5-2C80-4A6D-983B-9595625CA7E1}.Release|ARM64.ActiveCfg = Release|Win32
		{A4D92AA5-2C80-4A6D-983B-9595625CA7E1}.Release|x64.ActiveCfg = Release|x64
		{A4D92AA5-2C80-4A6D-983B-9595625CA7E1}.Release|x64.Build.0 = Release|x64
		{A4D92AA5-2C80-4A6D-983B-9595625CA7E1}.Release|x86.ActiveCfg = Release|Win32
		{A4D92AA5-2C80-4A6D-983B-9595625CA7E1}.Release|x86.Build.0 = Release|Win32
		{280C47C4-3B8E-4096-B0F1-23C3463A0C1A}.Debug|ARM.ActiveCfg = Debug|Win32
		{280C47C4-3B8E-4096-B0F1-23C3463A0C1A}.Debug|ARM64.ActiveCfg = Debug|Win32
		{280C47C4-3B8E-4096-B0F1-23C3463A0C1A}.Debug|x64.ActiveCfg = Debug|x64
		{280C47C4-3B8E-4096-B0F1-23C3463A0C1A}.Debug|x64.Build.0 = Debug|x64
		{280C47C4-3B8E-4096-B0F1-23C3463A0C1A}.Debug|x86.ActiveCfg = Debug|Win32
		{280C47C4-3B8E-4096-B0F1-23C3463A0C1A}.Debug|x86.Build.0 = Debug|Win32
		{280C47C4-3B8E-4096-B0F1-23C3463A0C1A}.Release|ARM.ActiveCfg = Release|Win32
		{280C47C4-3B8E-4096-B0F1-23C3463A0C1A}.Release|ARM64.ActiveCfg = Release|Win32
		{280C47C4-3B8E-4096-B0F1-23C3463A0C1A}.Release|x64.ActiveCfg = Release|x64
		{280C47C4-3B8E-4096-B0F1-23C3463A0C1A}.Release|x64.Build.0 = Release|x64
		{280C47C4-3B8E-4096-B0F1-23C3463A0C1A}.Release|x86.ActiveCfg = Release|Win32
		{280C47C4-3B8E-4096-B0F1-23C3463A0C1A}.Release|x86.Build.0 = Release|Win32
		{8C73A9DC-27C2-436C-A18B-9F73F863A7F2}.Debug|ARM.ActiveCfg = Debug|Win32
		{8C73A9DC-27C2-436C-A18B-9F73F863A7F2}.Debug|ARM64.ActiveCfg = Debug|Win32
		{8C73A9DC-27C2-436C-A18B-9F73F863A7F2}.Debug|x64.ActiveCfg = Debug|x64
		{8C73A9DC-27C2-436C-A18B-9F73F863A7F2}.Debug|x64.Build.0 = Debug|x64
		{8C73A9DC-27C2-436C-A18B-9F73F863A7F2}.Debug|x86.ActiveCfg = Debug|Win32
		{8C73A9DC-27C2-436C-A18B-9F73F863A7F2}.Debug|x86.Build.0 = Debug|Win32
		{8C73A9DC-27C2-436C-A18B-9F73F863A7F2}.Release|ARM.ActiveCfg = Release|Win32
		{8C73A9DC-27C2-436C-A18B-9F73F863A7F2}.Release|ARM64.ActiveCfg = Release|Win32
		{8C73A9DC-27C2-436C-A18B-9F73F863A7F2}.Release|x64.ActiveCfg = Release|x64
		{8C73A9DC-27C2-436C-A18B-9F73F863A7F2}.Release|x64.Build.0 = Release|x64
		{8C73A9DC-27C2-436C-A18B-9F73F863A7F2}.Release|x86.ActiveCfg = Release|Win32
		{8C73A9DC-27C2-436C-A18B-9F73F863A7F2}.Release|x86.Build.0 = Release|Win32
		{8E13B4FE-4F00-4DDA-AD1C-D96CF5E0D3F0}.Debug|ARM.ActiveCfg = Debug|Win32
		{8E13B4FE-4F00-4DDA-AD1C-D96CF5E0D3F0}.Debug|ARM64.ActiveCfg = Debug|Win32
		{8E13B4FE-4F00-4DDA-AD1C-D96CF5E0D3F0}.Debug|x64.ActiveCfg = Debug|x64
		{8E13B4FE-4F00-4DDA-AD1C-D96CF5E0D3F0}.Debug|x64.Build.0 = Debug|x64
		{8E13B4FE-4F00-4DDA-AD1C-D96CF5E0D3F0}.Debug|x86.ActiveCfg = Debug|Win32
		{8E13B4FE-4F00-4DDA-AD1C-D96CF5E0D3F0}.Debug|x86.Build.0 = Debug|Win32
		{8E13B4FE-4F00-4DDA-AD1C-D96CF5E0D3F0}.Release|ARM.ActiveCfg = Release|Win32
		{8E13B4FE-4F00-4DDA-AD1C-D96CF5E0D3F0}.Release|ARM64.ActiveCfg = Release|Win32
		{8E13B4FE-4F00-4DDA-AD1C-D96CF5E0D3F0}.Release|x64.ActiveCfg = Release|x64
		{8E13B4FE-4F00-4DDA-AD1C-D96CF5E0D3F0}.Release|x64.Build.0 = Release|x64
		{8E13B4FE-4F00-4DDA-AD1C-D96CF5E0D3F0}.Release|x86.ActiveCfg = Release|Win32
		{8E13B4FE-4F00-4DDA-AD1C-D96CF5E0D3F0}.Release|x86.Build.0 = Release|Win32
		{2DAB56AE-AB63-40A9-BE56-08AECA716DBD}.Debug|ARM.ActiveCfg = Debug|Win32
		{2DAB56AE-AB63-40A9-BE56-08AECA716DBD}.Debug|ARM64.ActiveCfg = Debug|Win32
		{2DAB56AE-AB63-40A9-BE56-08AECA716DBD}.Debug|x64.ActiveCfg = Debug|x64
		{2DAB56AE-AB63-40A9-BE56-08AECA716DBD}.Debug|x64.Build.0 = Debug|x64
		{2DAB56AE-AB63-40A9-BE56-08AECA716DBD}.Debug|x86.ActiveCfg = Debug|Win32
		{2DAB56AE-AB63-40A9-BE56-08AECA716DBD}.Debug|x86.Build.0 = Debug|Win32
		{2DAB56AE-AB63-40A9-BE56-08AECA716DBD}.Release|ARM.ActiveCfg = Release|Win32
		{2DAB56AE-AB63-40A9-BE56-08AECA716DBD}.Release|ARM64.ActiveCfg = Release|Win32
		{2DAB56AE-AB63-40A9-BE56-08AECA716DBD}.Release|x64.ActiveCfg = Release|x64
		{2DAB56AE-AB63-40A9-BE56-08AECA716DBD}.Release|x64.Build.0 = Release|x64
		{2DAB56AE-AB63-40A9-BE56-08AECA716DBD}.Release|x86.ActiveCfg = Release|Win32
		{2DAB56AE-AB63-40A9-BE56-08AECA716DBD}.Release|x86.Build.0 = Release|Win32
		{8BED65EC-CDA2-44AA-B0B2-999BFFB0948D}.Debug|ARM.ActiveCfg = Debug|Win32
		{8BED65EC-CDA2-44AA-B0B2-999BFFB0948D}.Debug|ARM64.ActiveCfg = Debug|Win32
		{8BED65EC-CDA2-44AA-B0B2-999BFFB0948D}.Debug|x64.ActiveCfg = Debug|x64
		{8BED65EC-CDA2-44AA-B0B2-999BFFB0948D}.Debug|x64.Build.0 = Debug|x64
		{8BED65EC-CDA2-44AA-B0B2-999BFFB0948D}.Debug|x86.ActiveCfg = Debug|Win32
		{8BED65EC-CDA2-44AA-B0B2-999BFFB0948D}.Debug|x86.Build.0 = Debug|Win32
		{8BED65EC-CDA2-44AA-B0B2-999BFFB0948D}.Release|ARM.ActiveCfg = Release|Win32
		{8BED65EC-CDA2-44AA-B0B2-999BFFB0948D}.Release|ARM64.ActiveCfg = Release|Win32
		{8BED65EC-CDA2-44AA-B0B2-999BFFB0948D}.Release|x64.ActiveCfg = Release|x64
		{8BED65EC-CDA2-44AA-B0B2-999BFFB0948D}.Release|x64.Build.0 = Release|x64
		{8BED65EC-CDA2-44AA-B0B2-999BFFB0948D}.Release|x86.ActiveCfg = Release|Win32
		{8BED65EC-CDA2-44AA-B0B2-999BFFB0948D}.Release|x86.Build.0 = Release|Win32
		{18BDFDD7-2E60-48C7-B06E-E9F0A0E8839E}.Debug|ARM.ActiveCfg = Debug|Win32
		{18BDFDD7-2E60-48C7-B06E-E9F0A0E8839E}.Debug|ARM64.ActiveCfg = Debug|Win32
		{18BDFDD7-2E60-48C7-B06E-E9F0A0E8839E}.Debug|x64.ActiveCfg = Debug|x64
		{18BDFDD7-2E60-48C7-B06E-E9F0A0E8839E}.Debug|x64.Build.0 = Debug|x64
		{18BDFDD7-2E60-48C7-B06E-E9F0A0E8839E}.Debug|x86.ActiveCfg = Debug|Win32
		{18BDFDD7-2E60-48C7-B06E-E9F0A0E8839E}.Debug|x86.Build.0 = Debug|Win32
		{18BDFDD7-2E60-48C7-B06E-E9F0A0E8839E}.Release|ARM.ActiveCfg = Release|Win32
		{18BDFDD7-2E60-48C7-B06E-E9F0A0E8839E}.Release|ARM64.ActiveCfg = Release|Win32
		{18BDFDD7-2E60-48C7-B06E-E9F0A0E8839E}.Release|x64.ActiveCfg = Release|x64
		{18BDFDD7-2E60-48C7-B06E-E9F0A0E8839E}.Release|x64.Build.0 = Release|x64
		{18BDFDD7-2E60-48C7-B06E-E9F0A0E8839E}.Release|x86.ActiveCfg = Release|Win32
		{18BDFDD7-2E60-48C7-B06E-E9F0A0E8839E}.Release|x86.Build.0 = Release|Win32
		{91ECE6F0-B9C3-432E-BA7A-5DBCD57EA774}.Debug|ARM.ActiveCfg = Debug|Win32
		{91ECE6F0-B9C3-432E-BA7A-5DBCD57EA774}.Debug|ARM64.ActiveCfg = Debug|Win32
		{91ECE6F0-B9C3-432E-BA7A-5DBCD57EA774}.Debug|x64.ActiveCfg = Debug|x64
		{91ECE6F0-B9C3-432E-BA7A-5DBCD57EA774}.Debug|x64.Build.0 = Debug|x64
		{91ECE6F0-B9C3-432E-BA7A-5DBCD57EA774}.Debug|x86.ActiveCfg = Debug|Win32
		{91ECE6F0-B9C3-432E-BA7A-5DBCD57EA774}.Debug|x86.Build.0 = Debug|Win32
		{91ECE6F0-B9C3-432E-BA7A-5DBCD57EA774}.Release|ARM.ActiveCfg = Release|Win32
		{91ECE6F0-B9C3-432E-BA7A-5DBCD57EA774}.Release|ARM64.ActiveCfg = Release|Win32
		{91ECE6F0-B9C3-432E-BA7A-5DBCD57EA774}.Release|x64.ActiveCfg = Release|x64
		{91ECE6F0-B9C3-432E-BA7A-5DBCD57EA774}.Release|x64.Build.0 = Release|x64
		{91ECE6F0-B9C3-432E-BA7A-5DBCD57EA774}.Release|x86.ActiveCfg = Release|Win32
		{91ECE6F0-B9C3-432E-BA7A-5DBCD57EA774}.Release|x86.Build.0 = Release|Win32
		{4936626E-692B-4ADB-9073-CC3D00E02FFF}.Debug|ARM.ActiveCfg = Debug|Win32
		{4936626E-692B-4ADB-9073-CC3D00E02FFF}.Debug|ARM64.ActiveCfg = Debug|Win32
		{4936626E-692B-4ADB-9073-CC3D00E02FFF}.Debug|x64.ActiveCfg = Debug|x64
		{4936626E-692B-4ADB-9073-CC3D00E02FFF}.Debug|x64.Build.0 = Debug|x64
		{4936626E-692B-4ADB-9073-CC3D00E02FFF}.Debug|x86.ActiveCfg = Debug|Win32
		{4936626E-692B-4ADB-9073-CC3D00E02FFF}.Debug|x86.Build.0 = Debug|Win32
		{4936626E-692B-4ADB-9073-CC3D00E02FFF}.Release|ARM.ActiveCfg = Release|Win32
		{4936626E-692B-4ADB-9073-CC3D00E02FFF}.Release|ARM64.ActiveCfg = Release|Win32
		{4936626E-692B-4ADB-9073-CC3D00E02FFF}.Release|x64.ActiveCfg = Release|x64
		{4936626E-692B-4ADB-9073-CC3D00E02FFF}.Release|x64.Build.0 = Release|x64
		{4936626E-692B-4ADB-9073-CC3D00E02FFF}.Release|x86.ActiveCfg = Release|Win32
		{4936626E-692B-4ADB-9073-CC3D00E02FFF}.Release|x86.Build.0 = Release|Win32
		{ACC731F3-13A9-43B2-B925-432DB77D71EA}.Debug|ARM.ActiveCfg = Debug|Win32
		{ACC731F3-13A9-43B2-B925-432DB77D71EA}.Debug|ARM64.ActiveCfg = Debug|Win32
		{ACC731F3-13A9-43B2-B925-432DB77D71EA}.Debug|x64.ActiveCfg = Debug|x64
		{ACC731F3-13A9-43B2-B925-432DB77D71EA}.Debug|x64.Build.0 = Debug|x64
		{ACC731F3-13A9-43B2-B925-432DB77D71EA}.Debug|x86.ActiveCfg = Debug|Win32
		{ACC731F3-13A9-43B2-B925-432DB77D71EA}.Debug|x86.Build.0 = Debug|Win32
		{ACC731F3-13A9-43B2-B925-432DB77D71EA}.Release|ARM.ActiveCfg = Release|Win32
		{ACC731F3-13A9-43B2-B925-432DB77D71EA}.Release|ARM64.ActiveCfg = Release|Win32
		{ACC731F3-13A9-43B2-B925-432DB77D71EA}.Release|x64.ActiveCfg = Release|x64
		{ACC731F3-13A9-43B2-B925-432DB77D71EA}.Release|x64.Build.0 = Release|x64
		{ACC731F3-13A9-43B2-B925-432DB77D71EA}.Release|x86.ActiveCfg = Release|Win32
		{ACC731F3-13A9-43B2-B925-432DB77D71EA}.Release|x86.Build.0 = Release|Win32
	EndGlobalSection
	GlobalSection(SolutionProperties) = preSolution
		HideSolutionNode = FALSE
	EndGlobalSection
	GlobalSection(NestedProjects) = preSolution
		{B67BFDB5-FBB3-49B5-997A-1FC70D286A10} = {8AB7D7B8-5890-47BB-9A44-B7E9523019BF}
		{BDA841E4-A9D0-408F-A8A4-5C3145D51173} = {8AB7D7B8-5890-47BB-9A44-B7E9523019BF}
		{A4D92AA5-2C80-4A6D-983B-9595625CA7E1} = {8AB7D7B8-5890-47BB-9A44-B7E9523019BF}
		{280C47C4-3B8E-4096-B0F1-23C3463A0C1A} = {8AB7D7B8-5890-47BB-9A44-B7E9523019BF}
		{8C73A9DC-27C2-436C-A18B-9F73F863A7F2} = {8AB7D7B8-5890-47BB-9A44-B7E9523019BF}
		{8E13B4FE-4F00-4DDA-AD1C-D96CF5E0D3F0} = {8FF37AE3-7AB7-4760-99E5-8583F269BF64}
		{2DAB56AE-AB63-40A9-BE56-08AECA716DBD} = {8FF37AE3-7AB7-4760-99E5-8583F269BF64}
		{8BED65EC-CDA2-44AA-B0B2-999BFFB0948D} = {8FF37AE3-7AB7-4760-99E5-8583F269BF64}
		{18BDFDD7-2E60-48C7-B06E-E9F0A0E8839E} = {8AB7D7B8-5890-47BB-9A44-B7E9523019BF}
		{91ECE6F0-B9C3-432E-BA7A-5DBCD57EA774} = {8AB7D7B8-5890-47BB-9A44-B7E9523019BF}
		{4936626E-692B-4ADB-9073-CC3D00E02FFF} = {8AB7D7B8-5890-47BB-9A44-B7E9523019BF}
		{ACC731F3-13A9-43B2-B925-432DB77D71EA} = {8FF37AE3-7AB7-4760-99E5-8583F269BF64}
	EndGlobalSection
	GlobalSection(ExtensibilityGlobals) = postSolution
		SolutionGuid = {F174CC2E-CEB7-4613-B1D6-C23091B9F832}
	EndGlobalSection
EndGlobal
